PODS:
  - Bolts (1.5.0):
    - Bolts/AppLinks (= 1.5.0)
    - Bolts/Tasks (= 1.5.0)
  - Bolts/AppLinks (1.5.0):
    - Bolts/Tasks
  - Bolts/Tasks (1.5.0)
  - ChameleonFramework/Default (2.0.5)
  - ChameleonFramework/Swift (2.0.5):
    - ChameleonFramework/Default
  - FBSDKCoreKit (4.8.0):
    - Bolts (~> 1.1)
    - FBSDKCoreKit/arc (= 4.8.0)
    - FBSDKCoreKit/no-arc (= 4.8.0)
  - FBSDKCoreKit/arc (4.8.0):
    - Bolts (~> 1.1)
  - FBSDKCoreKit/no-arc (4.8.0):
    - Bolts (~> 1.1)
    - FBSDKCoreKit/arc
  - FBSDKLoginKit (4.8.0):
    - FBSDKCoreKit
  - Parse (1.9.1):
    - Bolts/Tasks (>= 1.4.0)
  - ParseFacebookUtilsV4 (1.9.1):
    - Bolts/Tasks (>= 1.5)
    - FBSDKCoreKit (~> 4.8)
    - FBSDKLoginKit (~> 4.8)
    - Parse (~> 1.9)
  - ParseTwitterUtils (1.9.1):
    - Bolts/Tasks (~> 1.5)
    - Parse (~> 1.9)
  - ParseUI (1.1.6):
    - Bolts/Tasks (~> 1.2)
    - Parse (~> 1.8)
  - Popover (0.8.0)

DEPENDENCIES:
  - ChameleonFramework/Swift
  - FBSDKCoreKit
  - FBSDKLoginKit
  - Parse
  - ParseFacebookUtilsV4
  - ParseTwitterUtils
  - ParseUI
  - Popover

SPEC CHECKSUMS:
  Bolts: 722ab9a4f8b50fc4ed1b9998a5a7a2b3f16d80b4
  ChameleonFramework: 69b0256ae77de31b89b9c83ef501d154e1e64341
  FBSDKCoreKit: 66a935d17b6e00b6b64e604f2eb9b72c9ab7deb8
  FBSDKLoginKit: d893fcbb98d854496925e9ff73c67b896982d3c4
  Parse: 54a965c8c19a6dde90284ab654dbcc77ef8c001b
  ParseFacebookUtilsV4: eab9b4ade12f0800b4d30f6b808bca55ce17a0e9
  ParseTwitterUtils: 41e8849e37db471e874c6e515190ded19e043dc8
  ParseUI: 8a22e448c03f825203d8c379c80523517f68baa3
  Popover: 666aeb02095fff5cbf6896548a92abc84c523b60

COCOAPODS: 0.39.0
