// !$*UTF8*$!
{
	archiveVersion = 1;
	classes = {
	};
	objectVersion = 46;
	objects = {

/* Begin PBXBuildFile section */
		9627EC2B1C062E5400A17318 /* UserHabitsTableViewController.swift in Sources */ = {isa = PBXBuildFile; fileRef = 9627EC2A1C062E5400A17318 /* UserHabitsTableViewController.swift */; };
		9627EC2F1C06352C00A17318 /* UserHabitsTableHeader.xib in Resources */ = {isa = PBXBuildFile; fileRef = 9627EC2E1C06352C00A17318 /* UserHabitsTableHeader.xib */; };
		9627EC321C06366300A17318 /* UserHabitsTableHeader.swift in Sources */ = {isa = PBXBuildFile; fileRef = 9627EC311C06366300A17318 /* UserHabitsTableHeader.swift */; };
		9627EC341C063A2F00A17318 /* AllHabitsCollectionViewController.swift in Sources */ = {isa = PBXBuildFile; fileRef = 9627EC331C063A2F00A17318 /* AllHabitsCollectionViewController.swift */; };
		9627EC381C06409100A17318 /* HabitCollectionCell.xib in Resources */ = {isa = PBXBuildFile; fileRef = 9627EC371C06409100A17318 /* HabitCollectionCell.xib */; };
		9627EC3A1C06417700A17318 /* HabitCollectionViewCell.swift in Sources */ = {isa = PBXBuildFile; fileRef = 9627EC391C06417700A17318 /* HabitCollectionViewCell.swift */; };
		9627EC3C1C06674300A17318 /* HabitDetailView.xib in Resources */ = {isa = PBXBuildFile; fileRef = 9627EC3B1C06674300A17318 /* HabitDetailView.xib */; };
		9627EC3E1C06683800A17318 /* HabitDetailViewController.swift in Sources */ = {isa = PBXBuildFile; fileRef = 9627EC3D1C06683800A17318 /* HabitDetailViewController.swift */; };
		9633CA6B1BFBFB2B003E915A /* LoginViewController.swift in Sources */ = {isa = PBXBuildFile; fileRef = 9633CA6A1BFBFB2B003E915A /* LoginViewController.swift */; };
		9633CA6E1BFBFDF4003E915A /* Norican-Regular.ttf in Resources */ = {isa = PBXBuildFile; fileRef = 9633CA6D1BFBFDF4003E915A /* Norican-Regular.ttf */; };
		9633CA701BFC0E85003E915A /* SignUpViewController.swift in Sources */ = {isa = PBXBuildFile; fileRef = 9633CA6F1BFC0E85003E915A /* SignUpViewController.swift */; };
		9633CA721BFC1715003E915A /* LogHappinessViewController.swift in Sources */ = {isa = PBXBuildFile; fileRef = 9633CA711BFC1715003E915A /* LogHappinessViewController.swift */; };
		9633CA741BFC1739003E915A /* LogHappiness.xib in Resources */ = {isa = PBXBuildFile; fileRef = 9633CA731BFC1739003E915A /* LogHappiness.xib */; };
		965440801C03C759009BE9AD /* Charts.framework in Frameworks */ = {isa = PBXBuildFile; fileRef = 9654407B1C03C722009BE9AD /* Charts.framework */; };
		965440811C03C759009BE9AD /* Charts.framework in Embed Frameworks */ = {isa = PBXBuildFile; fileRef = 9654407B1C03C722009BE9AD /* Charts.framework */; settings = {ATTRIBUTES = (CodeSignOnCopy, RemoveHeadersOnCopy, ); }; };
		965440851C03C7C7009BE9AD /* HappinessChartViewController.swift in Sources */ = {isa = PBXBuildFile; fileRef = 965440841C03C7C7009BE9AD /* HappinessChartViewController.swift */; };
		966D31F41C090F0500F11B3F /* ENSideMenu.swift in Sources */ = {isa = PBXBuildFile; fileRef = 966D31F21C090F0500F11B3F /* ENSideMenu.swift */; };
		966D31F51C090F0500F11B3F /* ENSideMenuNavigationController.swift in Sources */ = {isa = PBXBuildFile; fileRef = 966D31F31C090F0500F11B3F /* ENSideMenuNavigationController.swift */; };
		966D31F71C090F6D00F11B3F /* SlideMenuViewController.swift in Sources */ = {isa = PBXBuildFile; fileRef = 966D31F61C090F6D00F11B3F /* SlideMenuViewController.swift */; };
		966D31F91C090FAE00F11B3F /* MenuTableViewController.swift in Sources */ = {isa = PBXBuildFile; fileRef = 966D31F81C090FAE00F11B3F /* MenuTableViewController.swift */; };
		967172FA1BFBC1CF000DCC9E /* AppDelegate.swift in Sources */ = {isa = PBXBuildFile; fileRef = 967172F91BFBC1CF000DCC9E /* AppDelegate.swift */; };
		967172FC1BFBC1CF000DCC9E /* ViewController.swift in Sources */ = {isa = PBXBuildFile; fileRef = 967172FB1BFBC1CF000DCC9E /* ViewController.swift */; };
		967172FF1BFBC1CF000DCC9E /* Main.storyboard in Resources */ = {isa = PBXBuildFile; fileRef = 967172FD1BFBC1CF000DCC9E /* Main.storyboard */; };
		967173011BFBC1CF000DCC9E /* Assets.xcassets in Resources */ = {isa = PBXBuildFile; fileRef = 967173001BFBC1CF000DCC9E /* Assets.xcassets */; };
		967173041BFBC1CF000DCC9E /* LaunchScreen.storyboard in Resources */ = {isa = PBXBuildFile; fileRef = 967173021BFBC1CF000DCC9E /* LaunchScreen.storyboard */; };
		9671730F1BFBC1CF000DCC9E /* Happy_HabitsTests.swift in Sources */ = {isa = PBXBuildFile; fileRef = 9671730E1BFBC1CF000DCC9E /* Happy_HabitsTests.swift */; };
		9671731A1BFBC1CF000DCC9E /* Happy_HabitsUITests.swift in Sources */ = {isa = PBXBuildFile; fileRef = 967173191BFBC1CF000DCC9E /* Happy_HabitsUITests.swift */; };
		96B620F01C08D8180040365F /* QuotePageView.xib in Resources */ = {isa = PBXBuildFile; fileRef = 96B620EF1C08D8180040365F /* QuotePageView.xib */; };
		96B620F41C08DA8B0040365F /* QuotePageViewController.swift in Sources */ = {isa = PBXBuildFile; fileRef = 96B620F31C08DA8B0040365F /* QuotePageViewController.swift */; };
		96B620F61C08E3670040365F /* Quote.swift in Sources */ = {isa = PBXBuildFile; fileRef = 96B620F51C08E3670040365F /* Quote.swift */; };
		96CA02551BFBD01000D3D098 /* Habit.swift in Sources */ = {isa = PBXBuildFile; fileRef = 96CA02541BFBD01000D3D098 /* Habit.swift */; };
		96EB31011BFE959D008811C7 /* Log.swift in Sources */ = {isa = PBXBuildFile; fileRef = 96EB31001BFE959D008811C7 /* Log.swift */; };
		ADD31F1E72E6960C5F1FB6F0 /* libPods.a in Frameworks */ = {isa = PBXBuildFile; fileRef = 9CC09C552FB1D24FFAB78CF0 /* libPods.a */; };
/* End PBXBuildFile section */

/* Begin PBXContainerItemProxy section */
		9654407A1C03C722009BE9AD /* PBXContainerItemProxy */ = {
			isa = PBXContainerItemProxy;
			containerPortal = 965440741C03C722009BE9AD /* Charts.xcodeproj */;
			proxyType = 2;
			remoteGlobalIDString = 5BA8EC401A9D14DC00CE82E1;
			remoteInfo = "Charts-iOS";
		};
		9654407C1C03C722009BE9AD /* PBXContainerItemProxy */ = {
			isa = PBXContainerItemProxy;
			containerPortal = 965440741C03C722009BE9AD /* Charts.xcodeproj */;
			proxyType = 2;
			remoteGlobalIDString = A52C5C371BAC5CA400594CDD;
			remoteInfo = "Charts-TV";
		};
		9654407E1C03C722009BE9AD /* PBXContainerItemProxy */ = {
			isa = PBXContainerItemProxy;
			containerPortal = 965440741C03C722009BE9AD /* Charts.xcodeproj */;
			proxyType = 2;
			remoteGlobalIDString = 06AEE7A21BDC3F8B009875AE;
			remoteInfo = ChartsTests;
		};
		965440821C03C759009BE9AD /* PBXContainerItemProxy */ = {
			isa = PBXContainerItemProxy;
			containerPortal = 965440741C03C722009BE9AD /* Charts.xcodeproj */;
			proxyType = 1;
			remoteGlobalIDString = 5BA8EC3F1A9D14DC00CE82E1;
			remoteInfo = "Charts-iOS";
		};
		9671730B1BFBC1CF000DCC9E /* PBXContainerItemProxy */ = {
			isa = PBXContainerItemProxy;
			containerPortal = 967172EE1BFBC1CF000DCC9E /* Project object */;
			proxyType = 1;
			remoteGlobalIDString = 967172F51BFBC1CF000DCC9E;
			remoteInfo = "Happy Habits";
		};
		967173161BFBC1CF000DCC9E /* PBXContainerItemProxy */ = {
			isa = PBXContainerItemProxy;
			containerPortal = 967172EE1BFBC1CF000DCC9E /* Project object */;
			proxyType = 1;
			remoteGlobalIDString = 967172F51BFBC1CF000DCC9E;
			remoteInfo = "Happy Habits";
		};
/* End PBXContainerItemProxy section */

/* Begin PBXCopyFilesBuildPhase section */
		96FB590C1C03C5DE000AD6B0 /* Embed Frameworks */ = {
			isa = PBXCopyFilesBuildPhase;
			buildActionMask = 2147483647;
			dstPath = "";
			dstSubfolderSpec = 10;
			files = (
				965440811C03C759009BE9AD /* Charts.framework in Embed Frameworks */,
			);
			name = "Embed Frameworks";
			runOnlyForDeploymentPostprocessing = 0;
		};
/* End PBXCopyFilesBuildPhase section */

/* Begin PBXFileReference section */
		6DC285474E6FC588B5DA8CDB /* Pods.debug.xcconfig */ = {isa = PBXFileReference; includeInIndex = 1; lastKnownFileType = text.xcconfig; name = Pods.debug.xcconfig; path = "Pods/Target Support Files/Pods/Pods.debug.xcconfig"; sourceTree = "<group>"; };
		9627EC2A1C062E5400A17318 /* UserHabitsTableViewController.swift */ = {isa = PBXFileReference; fileEncoding = 4; lastKnownFileType = sourcecode.swift; path = UserHabitsTableViewController.swift; sourceTree = "<group>"; };
		9627EC2E1C06352C00A17318 /* UserHabitsTableHeader.xib */ = {isa = PBXFileReference; fileEncoding = 4; lastKnownFileType = file.xib; path = UserHabitsTableHeader.xib; sourceTree = "<group>"; };
		9627EC311C06366300A17318 /* UserHabitsTableHeader.swift */ = {isa = PBXFileReference; fileEncoding = 4; lastKnownFileType = sourcecode.swift; path = UserHabitsTableHeader.swift; sourceTree = "<group>"; };
		9627EC331C063A2F00A17318 /* AllHabitsCollectionViewController.swift */ = {isa = PBXFileReference; fileEncoding = 4; lastKnownFileType = sourcecode.swift; name = AllHabitsCollectionViewController.swift; path = ../AllHabitsCollectionViewController.swift; sourceTree = "<group>"; };
		9627EC371C06409100A17318 /* HabitCollectionCell.xib */ = {isa = PBXFileReference; fileEncoding = 4; lastKnownFileType = file.xib; path = HabitCollectionCell.xib; sourceTree = "<group>"; };
		9627EC391C06417700A17318 /* HabitCollectionViewCell.swift */ = {isa = PBXFileReference; fileEncoding = 4; lastKnownFileType = sourcecode.swift; path = HabitCollectionViewCell.swift; sourceTree = "<group>"; };
		9627EC3B1C06674300A17318 /* HabitDetailView.xib */ = {isa = PBXFileReference; fileEncoding = 4; lastKnownFileType = file.xib; path = HabitDetailView.xib; sourceTree = "<group>"; };
		9627EC3D1C06683800A17318 /* HabitDetailViewController.swift */ = {isa = PBXFileReference; fileEncoding = 4; lastKnownFileType = sourcecode.swift; path = HabitDetailViewController.swift; sourceTree = "<group>"; };
		9633CA6A1BFBFB2B003E915A /* LoginViewController.swift */ = {isa = PBXFileReference; fileEncoding = 4; lastKnownFileType = sourcecode.swift; path = LoginViewController.swift; sourceTree = "<group>"; };
		9633CA6D1BFBFDF4003E915A /* Norican-Regular.ttf */ = {isa = PBXFileReference; lastKnownFileType = file; path = "Norican-Regular.ttf"; sourceTree = "<group>"; };
		9633CA6F1BFC0E85003E915A /* SignUpViewController.swift */ = {isa = PBXFileReference; fileEncoding = 4; lastKnownFileType = sourcecode.swift; path = SignUpViewController.swift; sourceTree = "<group>"; };
		9633CA711BFC1715003E915A /* LogHappinessViewController.swift */ = {isa = PBXFileReference; fileEncoding = 4; lastKnownFileType = sourcecode.swift; path = LogHappinessViewController.swift; sourceTree = "<group>"; };
		9633CA731BFC1739003E915A /* LogHappiness.xib */ = {isa = PBXFileReference; fileEncoding = 4; lastKnownFileType = file.xib; path = LogHappiness.xib; sourceTree = "<group>"; };
		965440741C03C722009BE9AD /* Charts.xcodeproj */ = {isa = PBXFileReference; lastKnownFileType = "wrapper.pb-project"; name = Charts.xcodeproj; path = "../../../Downloads/ios-charts-master/Charts/Charts.xcodeproj"; sourceTree = "<group>"; };
		965440841C03C7C7009BE9AD /* HappinessChartViewController.swift */ = {isa = PBXFileReference; fileEncoding = 4; lastKnownFileType = sourcecode.swift; path = HappinessChartViewController.swift; sourceTree = "<group>"; };
		966D31F21C090F0500F11B3F /* ENSideMenu.swift */ = {isa = PBXFileReference; fileEncoding = 4; lastKnownFileType = sourcecode.swift; name = ENSideMenu.swift; path = "../../../Downloads/ENSwiftSideMenu-master/Library/ENSideMenu.swift"; sourceTree = "<group>"; };
		966D31F31C090F0500F11B3F /* ENSideMenuNavigationController.swift */ = {isa = PBXFileReference; fileEncoding = 4; lastKnownFileType = sourcecode.swift; name = ENSideMenuNavigationController.swift; path = "../../../Downloads/ENSwiftSideMenu-master/Library/ENSideMenuNavigationController.swift"; sourceTree = "<group>"; };
		966D31F61C090F6D00F11B3F /* SlideMenuViewController.swift */ = {isa = PBXFileReference; fileEncoding = 4; lastKnownFileType = sourcecode.swift; path = SlideMenuViewController.swift; sourceTree = "<group>"; };
		966D31F81C090FAE00F11B3F /* MenuTableViewController.swift */ = {isa = PBXFileReference; fileEncoding = 4; lastKnownFileType = sourcecode.swift; path = MenuTableViewController.swift; sourceTree = "<group>"; };
		967172F61BFBC1CF000DCC9E /* Happy Habits.app */ = {isa = PBXFileReference; explicitFileType = wrapper.application; includeInIndex = 0; path = "Happy Habits.app"; sourceTree = BUILT_PRODUCTS_DIR; };
		967172F91BFBC1CF000DCC9E /* AppDelegate.swift */ = {isa = PBXFileReference; lastKnownFileType = sourcecode.swift; path = AppDelegate.swift; sourceTree = "<group>"; };
		967172FB1BFBC1CF000DCC9E /* ViewController.swift */ = {isa = PBXFileReference; lastKnownFileType = sourcecode.swift; path = ViewController.swift; sourceTree = "<group>"; };
		967172FE1BFBC1CF000DCC9E /* Base */ = {isa = PBXFileReference; lastKnownFileType = file.storyboard; name = Base; path = Base.lproj/Main.storyboard; sourceTree = "<group>"; };
		967173001BFBC1CF000DCC9E /* Assets.xcassets */ = {isa = PBXFileReference; lastKnownFileType = folder.assetcatalog; path = Assets.xcassets; sourceTree = "<group>"; };
		967173031BFBC1CF000DCC9E /* Base */ = {isa = PBXFileReference; lastKnownFileType = file.storyboard; name = Base; path = Base.lproj/LaunchScreen.storyboard; sourceTree = "<group>"; };
		967173051BFBC1CF000DCC9E /* Info.plist */ = {isa = PBXFileReference; lastKnownFileType = text.plist.xml; path = Info.plist; sourceTree = "<group>"; };
		9671730A1BFBC1CF000DCC9E /* Happy HabitsTests.xctest */ = {isa = PBXFileReference; explicitFileType = wrapper.cfbundle; includeInIndex = 0; path = "Happy HabitsTests.xctest"; sourceTree = BUILT_PRODUCTS_DIR; };
		9671730E1BFBC1CF000DCC9E /* Happy_HabitsTests.swift */ = {isa = PBXFileReference; lastKnownFileType = sourcecode.swift; path = Happy_HabitsTests.swift; sourceTree = "<group>"; };
		967173101BFBC1CF000DCC9E /* Info.plist */ = {isa = PBXFileReference; lastKnownFileType = text.plist.xml; path = Info.plist; sourceTree = "<group>"; };
		967173151BFBC1CF000DCC9E /* Happy HabitsUITests.xctest */ = {isa = PBXFileReference; explicitFileType = wrapper.cfbundle; includeInIndex = 0; path = "Happy HabitsUITests.xctest"; sourceTree = BUILT_PRODUCTS_DIR; };
		967173191BFBC1CF000DCC9E /* Happy_HabitsUITests.swift */ = {isa = PBXFileReference; lastKnownFileType = sourcecode.swift; path = Happy_HabitsUITests.swift; sourceTree = "<group>"; };
		9671731B1BFBC1CF000DCC9E /* Info.plist */ = {isa = PBXFileReference; lastKnownFileType = text.plist.xml; path = Info.plist; sourceTree = "<group>"; };
		96B620EF1C08D8180040365F /* QuotePageView.xib */ = {isa = PBXFileReference; fileEncoding = 4; lastKnownFileType = file.xib; path = QuotePageView.xib; sourceTree = "<group>"; };
		96B620F31C08DA8B0040365F /* QuotePageViewController.swift */ = {isa = PBXFileReference; fileEncoding = 4; lastKnownFileType = sourcecode.swift; path = QuotePageViewController.swift; sourceTree = "<group>"; };
		96B620F51C08E3670040365F /* Quote.swift */ = {isa = PBXFileReference; fileEncoding = 4; lastKnownFileType = sourcecode.swift; path = Quote.swift; sourceTree = "<group>"; };
		96CA02541BFBD01000D3D098 /* Habit.swift */ = {isa = PBXFileReference; fileEncoding = 4; lastKnownFileType = sourcecode.swift; path = Habit.swift; sourceTree = "<group>"; };
		96D445981BFBF188007D9EF2 /* Happy Habits-Bridging-Header.h */ = {isa = PBXFileReference; lastKnownFileType = sourcecode.c.h; path = "Happy Habits-Bridging-Header.h"; sourceTree = "<group>"; };
		96EB31001BFE959D008811C7 /* Log.swift */ = {isa = PBXFileReference; fileEncoding = 4; lastKnownFileType = sourcecode.swift; path = Log.swift; sourceTree = "<group>"; };
		9CC09C552FB1D24FFAB78CF0 /* libPods.a */ = {isa = PBXFileReference; explicitFileType = archive.ar; includeInIndex = 0; path = libPods.a; sourceTree = BUILT_PRODUCTS_DIR; };
		F447DF397EA446035738EA26 /* Pods.release.xcconfig */ = {isa = PBXFileReference; includeInIndex = 1; lastKnownFileType = text.xcconfig; name = Pods.release.xcconfig; path = "Pods/Target Support Files/Pods/Pods.release.xcconfig"; sourceTree = "<group>"; };
/* End PBXFileReference section */

/* Begin PBXFrameworksBuildPhase section */
		967172F31BFBC1CF000DCC9E /* Frameworks */ = {
			isa = PBXFrameworksBuildPhase;
			buildActionMask = 2147483647;
			files = (
				ADD31F1E72E6960C5F1FB6F0 /* libPods.a in Frameworks */,
				965440801C03C759009BE9AD /* Charts.framework in Frameworks */,
			);
			runOnlyForDeploymentPostprocessing = 0;
		};
		967173071BFBC1CF000DCC9E /* Frameworks */ = {
			isa = PBXFrameworksBuildPhase;
			buildActionMask = 2147483647;
			files = (
			);
			runOnlyForDeploymentPostprocessing = 0;
		};
		967173121BFBC1CF000DCC9E /* Frameworks */ = {
			isa = PBXFrameworksBuildPhase;
			buildActionMask = 2147483647;
			files = (
			);
			runOnlyForDeploymentPostprocessing = 0;
		};
/* End PBXFrameworksBuildPhase section */

/* Begin PBXGroup section */
		9627EC291C04000800A17318 /* Signup/Login */ = {
			isa = PBXGroup;
			children = (
				9633CA6A1BFBFB2B003E915A /* LoginViewController.swift */,
				9633CA6F1BFC0E85003E915A /* SignUpViewController.swift */,
			);
			name = Signup/Login;
			sourceTree = "<group>";
		};
		9627EC301C06363900A17318 /* Views */ = {
			isa = PBXGroup;
			children = (
				9627EC311C06366300A17318 /* UserHabitsTableHeader.swift */,
				9627EC391C06417700A17318 /* HabitCollectionViewCell.swift */,
			);
			name = Views;
			sourceTree = "<group>";
		};
		9627EC351C063A5B00A17318 /* Container ViewControllers */ = {
			isa = PBXGroup;
			children = (
				9627EC2A1C062E5400A17318 /* UserHabitsTableViewController.swift */,
				9633CA711BFC1715003E915A /* LogHappinessViewController.swift */,
				96B620F31C08DA8B0040365F /* QuotePageViewController.swift */,
			);
			name = "Container ViewControllers";
			sourceTree = "<group>";
		};
		9627EC361C063A8E00A17318 /* Tabbar ViewControllers */ = {
			isa = PBXGroup;
			children = (
				967172FB1BFBC1CF000DCC9E /* ViewController.swift */,
				965440841C03C7C7009BE9AD /* HappinessChartViewController.swift */,
				9627EC331C063A2F00A17318 /* AllHabitsCollectionViewController.swift */,
			);
			name = "Tabbar ViewControllers";
			sourceTree = "<group>";
		};
		965440751C03C722009BE9AD /* Products */ = {
			isa = PBXGroup;
			children = (
				9654407B1C03C722009BE9AD /* Charts.framework */,
				9654407D1C03C722009BE9AD /* Charts.framework */,
				9654407F1C03C722009BE9AD /* ChartsTests.xctest */,
			);
			name = Products;
			sourceTree = "<group>";
		};
		966D31EE1C090ED700F11B3F /* MenuViewControllers */ = {
			isa = PBXGroup;
			children = (
				966D31F61C090F6D00F11B3F /* SlideMenuViewController.swift */,
				966D31F81C090FAE00F11B3F /* MenuTableViewController.swift */,
			);
			name = MenuViewControllers;
			sourceTree = "<group>";
		};
		966D31F11C090EF800F11B3F /* Menu Library */ = {
			isa = PBXGroup;
			children = (
				966D31F21C090F0500F11B3F /* ENSideMenu.swift */,
				966D31F31C090F0500F11B3F /* ENSideMenuNavigationController.swift */,
			);
			name = "Menu Library";
			sourceTree = "<group>";
		};
		967172ED1BFBC1CF000DCC9E = {
			isa = PBXGroup;
			children = (
				967172F81BFBC1CF000DCC9E /* Happy Habits */,
				9671730D1BFBC1CF000DCC9E /* Happy HabitsTests */,
				967173181BFBC1CF000DCC9E /* Happy HabitsUITests */,
				967172F71BFBC1CF000DCC9E /* Products */,
				96CA02311BFBC67100D3D098 /* Frameworks */,
				FA8E53E2818D8CBACB86867E /* Pods */,
			);
			sourceTree = "<group>";
		};
		967172F71BFBC1CF000DCC9E /* Products */ = {
			isa = PBXGroup;
			children = (
				967172F61BFBC1CF000DCC9E /* Happy Habits.app */,
				9671730A1BFBC1CF000DCC9E /* Happy HabitsTests.xctest */,
				967173151BFBC1CF000DCC9E /* Happy HabitsUITests.xctest */,
			);
			name = Products;
			sourceTree = "<group>";
		};
		967172F81BFBC1CF000DCC9E /* Happy Habits */ = {
			isa = PBXGroup;
			children = (
				967172F91BFBC1CF000DCC9E /* AppDelegate.swift */,
				96CA025A1BFBE4D400D3D098 /* Storyboards & Xibs */,
				9627EC301C06363900A17318 /* Views */,
				96CA02591BFBE4B400D3D098 /* ViewControllers */,
				96CA02561BFBD04900D3D098 /* Models */,
				96CA025B1BFBE4E600D3D098 /* Supporting Files */,
			);
			path = "Happy Habits";
			sourceTree = "<group>";
		};
		9671730D1BFBC1CF000DCC9E /* Happy HabitsTests */ = {
			isa = PBXGroup;
			children = (
				9671730E1BFBC1CF000DCC9E /* Happy_HabitsTests.swift */,
				967173101BFBC1CF000DCC9E /* Info.plist */,
			);
			path = "Happy HabitsTests";
			sourceTree = "<group>";
		};
		967173181BFBC1CF000DCC9E /* Happy HabitsUITests */ = {
			isa = PBXGroup;
			children = (
				967173191BFBC1CF000DCC9E /* Happy_HabitsUITests.swift */,
				9671731B1BFBC1CF000DCC9E /* Info.plist */,
			);
			path = "Happy HabitsUITests";
			sourceTree = "<group>";
		};
		96CA02311BFBC67100D3D098 /* Frameworks */ = {
			isa = PBXGroup;
			children = (
				9CC09C552FB1D24FFAB78CF0 /* libPods.a */,
			);
			name = Frameworks;
			sourceTree = "<group>";
		};
		96CA02561BFBD04900D3D098 /* Models */ = {
			isa = PBXGroup;
			children = (
				96CA02541BFBD01000D3D098 /* Habit.swift */,
				96EB31001BFE959D008811C7 /* Log.swift */,
				96B620F51C08E3670040365F /* Quote.swift */,
			);
			name = Models;
			sourceTree = "<group>";
		};
		96CA02591BFBE4B400D3D098 /* ViewControllers */ = {
			isa = PBXGroup;
			children = (
				9627EC3D1C06683800A17318 /* HabitDetailViewController.swift */,
				966D31EE1C090ED700F11B3F /* MenuViewControllers */,
				9627EC361C063A8E00A17318 /* Tabbar ViewControllers */,
				9627EC351C063A5B00A17318 /* Container ViewControllers */,
				9627EC291C04000800A17318 /* Signup/Login */,
			);
			name = ViewControllers;
			sourceTree = "<group>";
		};
		96CA025A1BFBE4D400D3D098 /* Storyboards & Xibs */ = {
			isa = PBXGroup;
			children = (
				967173021BFBC1CF000DCC9E /* LaunchScreen.storyboard */,
				967172FD1BFBC1CF000DCC9E /* Main.storyboard */,
				9627EC3B1C06674300A17318 /* HabitDetailView.xib */,
				9633CA731BFC1739003E915A /* LogHappiness.xib */,
				96B620EF1C08D8180040365F /* QuotePageView.xib */,
				9627EC371C06409100A17318 /* HabitCollectionCell.xib */,
				9627EC2E1C06352C00A17318 /* UserHabitsTableHeader.xib */,
			);
			name = "Storyboards & Xibs";
			sourceTree = "<group>";
		};
		96CA025B1BFBE4E600D3D098 /* Supporting Files */ = {
			isa = PBXGroup;
			children = (
				966D31F11C090EF800F11B3F /* Menu Library */,
				9633CA6D1BFBFDF4003E915A /* Norican-Regular.ttf */,
				96D445981BFBF188007D9EF2 /* Happy Habits-Bridging-Header.h */,
				965440741C03C722009BE9AD /* Charts.xcodeproj */,
				967173001BFBC1CF000DCC9E /* Assets.xcassets */,
				967173051BFBC1CF000DCC9E /* Info.plist */,
			);
			name = "Supporting Files";
			sourceTree = "<group>";
		};
		FA8E53E2818D8CBACB86867E /* Pods */ = {
			isa = PBXGroup;
			children = (
				6DC285474E6FC588B5DA8CDB /* Pods.debug.xcconfig */,
				F447DF397EA446035738EA26 /* Pods.release.xcconfig */,
			);
			name = Pods;
			sourceTree = "<group>";
		};
/* End PBXGroup section */

/* Begin PBXNativeTarget section */
		967172F51BFBC1CF000DCC9E /* Happy Habits */ = {
			isa = PBXNativeTarget;
			buildConfigurationList = 9671731E1BFBC1CF000DCC9E /* Build configuration list for PBXNativeTarget "Happy Habits" */;
			buildPhases = (
				83B93B54B93126D4EAB69B17 /* Check Pods Manifest.lock */,
				967172F21BFBC1CF000DCC9E /* Sources */,
				967172F31BFBC1CF000DCC9E /* Frameworks */,
				967172F41BFBC1CF000DCC9E /* Resources */,
				18C6F04CD04A26E17056CB23 /* Embed Pods Frameworks */,
				D2DAF1CA2464751BE44CB262 /* Copy Pods Resources */,
				96FB590C1C03C5DE000AD6B0 /* Embed Frameworks */,
			);
			buildRules = (
			);
			dependencies = (
				965440831C03C759009BE9AD /* PBXTargetDependency */,
			);
			name = "Happy Habits";
			productName = "Happy Habits";
			productReference = 967172F61BFBC1CF000DCC9E /* Happy Habits.app */;
			productType = "com.apple.product-type.application";
		};
		967173091BFBC1CF000DCC9E /* Happy HabitsTests */ = {
			isa = PBXNativeTarget;
			buildConfigurationList = 967173211BFBC1CF000DCC9E /* Build configuration list for PBXNativeTarget "Happy HabitsTests" */;
			buildPhases = (
				967173061BFBC1CF000DCC9E /* Sources */,
				967173071BFBC1CF000DCC9E /* Frameworks */,
				967173081BFBC1CF000DCC9E /* Resources */,
			);
			buildRules = (
			);
			dependencies = (
				9671730C1BFBC1CF000DCC9E /* PBXTargetDependency */,
			);
			name = "Happy HabitsTests";
			productName = "Happy HabitsTests";
			productReference = 9671730A1BFBC1CF000DCC9E /* Happy HabitsTests.xctest */;
			productType = "com.apple.product-type.bundle.unit-test";
		};
		967173141BFBC1CF000DCC9E /* Happy HabitsUITests */ = {
			isa = PBXNativeTarget;
			buildConfigurationList = 967173241BFBC1CF000DCC9E /* Build configuration list for PBXNativeTarget "Happy HabitsUITests" */;
			buildPhases = (
				967173111BFBC1CF000DCC9E /* Sources */,
				967173121BFBC1CF000DCC9E /* Frameworks */,
				967173131BFBC1CF000DCC9E /* Resources */,
			);
			buildRules = (
			);
			dependencies = (
				967173171BFBC1CF000DCC9E /* PBXTargetDependency */,
			);
			name = "Happy HabitsUITests";
			productName = "Happy HabitsUITests";
			productReference = 967173151BFBC1CF000DCC9E /* Happy HabitsUITests.xctest */;
			productType = "com.apple.product-type.bundle.ui-testing";
		};
/* End PBXNativeTarget section */

/* Begin PBXProject section */
		967172EE1BFBC1CF000DCC9E /* Project object */ = {
			isa = PBXProject;
			attributes = {
				LastSwiftUpdateCheck = 0710;
				LastUpgradeCheck = 0710;
				ORGANIZATIONNAME = "Maggy Hillen";
				TargetAttributes = {
					967172F51BFBC1CF000DCC9E = {
						CreatedOnToolsVersion = 7.1.1;
						DevelopmentTeam = 2NDSEC4QVV;
					};
					967173091BFBC1CF000DCC9E = {
						CreatedOnToolsVersion = 7.1.1;
						TestTargetID = 967172F51BFBC1CF000DCC9E;
					};
					967173141BFBC1CF000DCC9E = {
						CreatedOnToolsVersion = 7.1.1;
						TestTargetID = 967172F51BFBC1CF000DCC9E;
					};
				};
			};
			buildConfigurationList = 967172F11BFBC1CF000DCC9E /* Build configuration list for PBXProject "Happy Habits" */;
			compatibilityVersion = "Xcode 3.2";
			developmentRegion = English;
			hasScannedForEncodings = 0;
			knownRegions = (
				en,
				Base,
			);
			mainGroup = 967172ED1BFBC1CF000DCC9E;
			productRefGroup = 967172F71BFBC1CF000DCC9E /* Products */;
			projectDirPath = "";
			projectReferences = (
				{
					ProductGroup = 965440751C03C722009BE9AD /* Products */;
					ProjectRef = 965440741C03C722009BE9AD /* Charts.xcodeproj */;
				},
			);
			projectRoot = "";
			targets = (
				967172F51BFBC1CF000DCC9E /* Happy Habits */,
				967173091BFBC1CF000DCC9E /* Happy HabitsTests */,
				967173141BFBC1CF000DCC9E /* Happy HabitsUITests */,
			);
		};
/* End PBXProject section */

/* Begin PBXReferenceProxy section */
		9654407B1C03C722009BE9AD /* Charts.framework */ = {
			isa = PBXReferenceProxy;
			fileType = wrapper.framework;
			path = Charts.framework;
			remoteRef = 9654407A1C03C722009BE9AD /* PBXContainerItemProxy */;
			sourceTree = BUILT_PRODUCTS_DIR;
		};
		9654407D1C03C722009BE9AD /* Charts.framework */ = {
			isa = PBXReferenceProxy;
			fileType = wrapper.framework;
			path = Charts.framework;
			remoteRef = 9654407C1C03C722009BE9AD /* PBXContainerItemProxy */;
			sourceTree = BUILT_PRODUCTS_DIR;
		};
		9654407F1C03C722009BE9AD /* ChartsTests.xctest */ = {
			isa = PBXReferenceProxy;
			fileType = wrapper.cfbundle;
			path = ChartsTests.xctest;
			remoteRef = 9654407E1C03C722009BE9AD /* PBXContainerItemProxy */;
			sourceTree = BUILT_PRODUCTS_DIR;
		};
/* End PBXReferenceProxy section */

/* Begin PBXResourcesBuildPhase section */
		967172F41BFBC1CF000DCC9E /* Resources */ = {
			isa = PBXResourcesBuildPhase;
			buildActionMask = 2147483647;
			files = (
				9633CA6E1BFBFDF4003E915A /* Norican-Regular.ttf in Resources */,
				967173041BFBC1CF000DCC9E /* LaunchScreen.storyboard in Resources */,
				96B620F01C08D8180040365F /* QuotePageView.xib in Resources */,
				9627EC3C1C06674300A17318 /* HabitDetailView.xib in Resources */,
				967173011BFBC1CF000DCC9E /* Assets.xcassets in Resources */,
				9627EC381C06409100A17318 /* HabitCollectionCell.xib in Resources */,
				9627EC2F1C06352C00A17318 /* UserHabitsTableHeader.xib in Resources */,
				9633CA741BFC1739003E915A /* LogHappiness.xib in Resources */,
				967172FF1BFBC1CF000DCC9E /* Main.storyboard in Resources */,
			);
			runOnlyForDeploymentPostprocessing = 0;
		};
		967173081BFBC1CF000DCC9E /* Resources */ = {
			isa = PBXResourcesBuildPhase;
			buildActionMask = 2147483647;
			files = (
			);
			runOnlyForDeploymentPostprocessing = 0;
		};
		967173131BFBC1CF000DCC9E /* Resources */ = {
			isa = PBXResourcesBuildPhase;
			buildActionMask = 2147483647;
			files = (
			);
			runOnlyForDeploymentPostprocessing = 0;
		};
/* End PBXResourcesBuildPhase section */

/* Begin PBXShellScriptBuildPhase section */
		18C6F04CD04A26E17056CB23 /* Embed Pods Frameworks */ = {
			isa = PBXShellScriptBuildPhase;
			buildActionMask = 2147483647;
			files = (
			);
			inputPaths = (
			);
			name = "Embed Pods Frameworks";
			outputPaths = (
			);
			runOnlyForDeploymentPostprocessing = 0;
			shellPath = /bin/sh;
			shellScript = "\"${SRCROOT}/Pods/Target Support Files/Pods/Pods-frameworks.sh\"\n";
			showEnvVarsInLog = 0;
		};
		83B93B54B93126D4EAB69B17 /* Check Pods Manifest.lock */ = {
			isa = PBXShellScriptBuildPhase;
			buildActionMask = 2147483647;
			files = (
			);
			inputPaths = (
			);
			name = "Check Pods Manifest.lock";
			outputPaths = (
			);
			runOnlyForDeploymentPostprocessing = 0;
			shellPath = /bin/sh;
			shellScript = "diff \"${PODS_ROOT}/../Podfile.lock\" \"${PODS_ROOT}/Manifest.lock\" > /dev/null\nif [[ $? != 0 ]] ; then\n    cat << EOM\nerror: The sandbox is not in sync with the Podfile.lock. Run 'pod install' or update your CocoaPods installation.\nEOM\n    exit 1\nfi\n";
			showEnvVarsInLog = 0;
		};
		D2DAF1CA2464751BE44CB262 /* Copy Pods Resources */ = {
			isa = PBXShellScriptBuildPhase;
			buildActionMask = 2147483647;
			files = (
			);
			inputPaths = (
			);
			name = "Copy Pods Resources";
			outputPaths = (
			);
			runOnlyForDeploymentPostprocessing = 0;
			shellPath = /bin/sh;
			shellScript = "\"${SRCROOT}/Pods/Target Support Files/Pods/Pods-resources.sh\"\n";
			showEnvVarsInLog = 0;
		};
/* End PBXShellScriptBuildPhase section */

/* Begin PBXSourcesBuildPhase section */
		967172F21BFBC1CF000DCC9E /* Sources */ = {
			isa = PBXSourcesBuildPhase;
			buildActionMask = 2147483647;
			files = (
				9633CA701BFC0E85003E915A /* SignUpViewController.swift in Sources */,
				9633CA721BFC1715003E915A /* LogHappinessViewController.swift in Sources */,
				9627EC321C06366300A17318 /* UserHabitsTableHeader.swift in Sources */,
				966D31F91C090FAE00F11B3F /* MenuTableViewController.swift in Sources */,
				9633CA6B1BFBFB2B003E915A /* LoginViewController.swift in Sources */,
				96B620F41C08DA8B0040365F /* QuotePageViewController.swift in Sources */,
				96CA02551BFBD01000D3D098 /* Habit.swift in Sources */,
				9627EC341C063A2F00A17318 /* AllHabitsCollectionViewController.swift in Sources */,
				966D31F51C090F0500F11B3F /* ENSideMenuNavigationController.swift in Sources */,
				967172FC1BFBC1CF000DCC9E /* ViewController.swift in Sources */,
				966D31F41C090F0500F11B3F /* ENSideMenu.swift in Sources */,
				965440851C03C7C7009BE9AD /* HappinessChartViewController.swift in Sources */,
				9627EC3E1C06683800A17318 /* HabitDetailViewController.swift in Sources */,
				96EB31011BFE959D008811C7 /* Log.swift in Sources */,
				966D31F71C090F6D00F11B3F /* SlideMenuViewController.swift in Sources */,
				967172FA1BFBC1CF000DCC9E /* AppDelegate.swift in Sources */,
				9627EC2B1C062E5400A17318 /* UserHabitsTableViewController.swift in Sources */,
				96B620F61C08E3670040365F /* Quote.swift in Sources */,
				9627EC3A1C06417700A17318 /* HabitCollectionViewCell.swift in Sources */,
			);
			runOnlyForDeploymentPostprocessing = 0;
		};
		967173061BFBC1CF000DCC9E /* Sources */ = {
			isa = PBXSourcesBuildPhase;
			buildActionMask = 2147483647;
			files = (
				9671730F1BFBC1CF000DCC9E /* Happy_HabitsTests.swift in Sources */,
			);
			runOnlyForDeploymentPostprocessing = 0;
		};
		967173111BFBC1CF000DCC9E /* Sources */ = {
			isa = PBXSourcesBuildPhase;
			buildActionMask = 2147483647;
			files = (
				9671731A1BFBC1CF000DCC9E /* Happy_HabitsUITests.swift in Sources */,
			);
			runOnlyForDeploymentPostprocessing = 0;
		};
/* End PBXSourcesBuildPhase section */

/* Begin PBXTargetDependency section */
		965440831C03C759009BE9AD /* PBXTargetDependency */ = {
			isa = PBXTargetDependency;
			name = "Charts-iOS";
			targetProxy = 965440821C03C759009BE9AD /* PBXContainerItemProxy */;
		};
		9671730C1BFBC1CF000DCC9E /* PBXTargetDependency */ = {
			isa = PBXTargetDependency;
			target = 967172F51BFBC1CF000DCC9E /* Happy Habits */;
			targetProxy = 9671730B1BFBC1CF000DCC9E /* PBXContainerItemProxy */;
		};
		967173171BFBC1CF000DCC9E /* PBXTargetDependency */ = {
			isa = PBXTargetDependency;
			target = 967172F51BFBC1CF000DCC9E /* Happy Habits */;
			targetProxy = 967173161BFBC1CF000DCC9E /* PBXContainerItemProxy */;
		};
/* End PBXTargetDependency section */

/* Begin PBXVariantGroup section */
		967172FD1BFBC1CF000DCC9E /* Main.storyboard */ = {
			isa = PBXVariantGroup;
			children = (
				967172FE1BFBC1CF000DCC9E /* Base */,
			);
			name = Main.storyboard;
			sourceTree = "<group>";
		};
		967173021BFBC1CF000DCC9E /* LaunchScreen.storyboard */ = {
			isa = PBXVariantGroup;
			children = (
				967173031BFBC1CF000DCC9E /* Base */,
			);
			name = LaunchScreen.storyboard;
			sourceTree = "<group>";
		};
/* End PBXVariantGroup section */

/* Begin XCBuildConfiguration section */
		9671731C1BFBC1CF000DCC9E /* Debug */ = {
			isa = XCBuildConfiguration;
			buildSettings = {
				ALWAYS_SEARCH_USER_PATHS = NO;
				CLANG_CXX_LANGUAGE_STANDARD = "gnu++0x";
				CLANG_CXX_LIBRARY = "libc++";
				CLANG_ENABLE_MODULES = YES;
				CLANG_ENABLE_OBJC_ARC = YES;
				CLANG_WARN_BOOL_CONVERSION = YES;
				CLANG_WARN_CONSTANT_CONVERSION = YES;
				CLANG_WARN_DIRECT_OBJC_ISA_USAGE = YES_ERROR;
				CLANG_WARN_EMPTY_BODY = YES;
				CLANG_WARN_ENUM_CONVERSION = YES;
				CLANG_WARN_INT_CONVERSION = YES;
				CLANG_WARN_OBJC_ROOT_CLASS = YES_ERROR;
				CLANG_WARN_UNREACHABLE_CODE = YES;
				CLANG_WARN__DUPLICATE_METHOD_MATCH = YES;
				"CODE_SIGN_IDENTITY[sdk=iphoneos*]" = "iPhone Developer";
				COPY_PHASE_STRIP = NO;
				DEBUG_INFORMATION_FORMAT = dwarf;
				ENABLE_STRICT_OBJC_MSGSEND = YES;
				ENABLE_TESTABILITY = YES;
				GCC_C_LANGUAGE_STANDARD = gnu99;
				GCC_DYNAMIC_NO_PIC = NO;
				GCC_NO_COMMON_BLOCKS = YES;
				GCC_OPTIMIZATION_LEVEL = 0;
				GCC_PREPROCESSOR_DEFINITIONS = (
					"DEBUG=1",
					"$(inherited)",
				);
				GCC_WARN_64_TO_32_BIT_CONVERSION = YES;
				GCC_WARN_ABOUT_RETURN_TYPE = YES_ERROR;
				GCC_WARN_UNDECLARED_SELECTOR = YES;
				GCC_WARN_UNINITIALIZED_AUTOS = YES_AGGRESSIVE;
				GCC_WARN_UNUSED_FUNCTION = YES;
				GCC_WARN_UNUSED_VARIABLE = YES;
				IPHONEOS_DEPLOYMENT_TARGET = 9.1;
				MTL_ENABLE_DEBUG_INFO = YES;
				ONLY_ACTIVE_ARCH = YES;
				SDKROOT = iphoneos;
				SWIFT_OPTIMIZATION_LEVEL = "-Onone";
				TARGETED_DEVICE_FAMILY = "1,2";
			};
			name = Debug;
		};
		9671731D1BFBC1CF000DCC9E /* Release */ = {
			isa = XCBuildConfiguration;
			buildSettings = {
				ALWAYS_SEARCH_USER_PATHS = NO;
				CLANG_CXX_LANGUAGE_STANDARD = "gnu++0x";
				CLANG_CXX_LIBRARY = "libc++";
				CLANG_ENABLE_MODULES = YES;
				CLANG_ENABLE_OBJC_ARC = YES;
				CLANG_WARN_BOOL_CONVERSION = YES;
				CLANG_WARN_CONSTANT_CONVERSION = YES;
				CLANG_WARN_DIRECT_OBJC_ISA_USAGE = YES_ERROR;
				CLANG_WARN_EMPTY_BODY = YES;
				CLANG_WARN_ENUM_CONVERSION = YES;
				CLANG_WARN_INT_CONVERSION = YES;
				CLANG_WARN_OBJC_ROOT_CLASS = YES_ERROR;
				CLANG_WARN_UNREACHABLE_CODE = YES;
				CLANG_WARN__DUPLICATE_METHOD_MATCH = YES;
				"CODE_SIGN_IDENTITY[sdk=iphoneos*]" = "iPhone Developer";
				COPY_PHASE_STRIP = NO;
				DEBUG_INFORMATION_FORMAT = "dwarf-with-dsym";
				ENABLE_NS_ASSERTIONS = NO;
				ENABLE_STRICT_OBJC_MSGSEND = YES;
				GCC_C_LANGUAGE_STANDARD = gnu99;
				GCC_NO_COMMON_BLOCKS = YES;
				GCC_WARN_64_TO_32_BIT_CONVERSION = YES;
				GCC_WARN_ABOUT_RETURN_TYPE = YES_ERROR;
				GCC_WARN_UNDECLARED_SELECTOR = YES;
				GCC_WARN_UNINITIALIZED_AUTOS = YES_AGGRESSIVE;
				GCC_WARN_UNUSED_FUNCTION = YES;
				GCC_WARN_UNUSED_VARIABLE = YES;
				IPHONEOS_DEPLOYMENT_TARGET = 9.1;
				MTL_ENABLE_DEBUG_INFO = NO;
				SDKROOT = iphoneos;
				TARGETED_DEVICE_FAMILY = "1,2";
				VALIDATE_PRODUCT = YES;
			};
			name = Release;
		};
		9671731F1BFBC1CF000DCC9E /* Debug */ = {
			isa = XCBuildConfiguration;
			baseConfigurationReference = 6DC285474E6FC588B5DA8CDB /* Pods.debug.xcconfig */;
			buildSettings = {
				ASSETCATALOG_COMPILER_APPICON_NAME = AppIcon;
				CLANG_ENABLE_MODULES = YES;
				CODE_SIGN_IDENTITY = "iPhone Developer";
				"CODE_SIGN_IDENTITY[sdk=iphoneos*]" = "iPhone Developer";
				EMBEDDED_CONTENT_CONTAINS_SWIFT = YES;
				FRAMEWORK_SEARCH_PATHS = (
					"$(inherited)",
					/Users/maggy/Documents/FacebookSDK,
					"$(PROJECT_DIR)",
				);
				HEADER_SEARCH_PATHS = "$(inherited)";
				INFOPLIST_FILE = "Happy Habits/Info.plist";
				LD_RUNPATH_SEARCH_PATHS = "$(inherited) @executable_path/Frameworks";
				PRODUCT_BUNDLE_IDENTIFIER = "com.MaggyHillen.Happy-Habits";
				PRODUCT_NAME = "$(TARGET_NAME)";
				PROVISIONING_PROFILE = "";
				SWIFT_OBJC_BRIDGING_HEADER = "Happy Habits/Happy Habits-Bridging-Header.h";
				SWIFT_OPTIMIZATION_LEVEL = "-Onone";
			};
			name = Debug;
		};
		967173201BFBC1CF000DCC9E /* Release */ = {
			isa = XCBuildConfiguration;
			baseConfigurationReference = F447DF397EA446035738EA26 /* Pods.release.xcconfig */;
			buildSettings = {
				ASSETCATALOG_COMPILER_APPICON_NAME = AppIcon;
				CLANG_ENABLE_MODULES = YES;
				CODE_SIGN_IDENTITY = "iPhone Developer";
				"CODE_SIGN_IDENTITY[sdk=iphoneos*]" = "iPhone Developer";
				EMBEDDED_CONTENT_CONTAINS_SWIFT = YES;
				FRAMEWORK_SEARCH_PATHS = (
					"$(inherited)",
					/Users/maggy/Documents/FacebookSDK,
					"$(PROJECT_DIR)",
				);
				HEADER_SEARCH_PATHS = "$(inherited)";
				INFOPLIST_FILE = "Happy Habits/Info.plist";
				LD_RUNPATH_SEARCH_PATHS = "$(inherited) @executable_path/Frameworks";
				PRODUCT_BUNDLE_IDENTIFIER = "com.MaggyHillen.Happy-Habits";
				PRODUCT_NAME = "$(TARGET_NAME)";
				PROVISIONING_PROFILE = "";
				SWIFT_OBJC_BRIDGING_HEADER = "Happy Habits/Happy Habits-Bridging-Header.h";
			};
			name = Release;
		};
		967173221BFBC1CF000DCC9E /* Debug */ = {
			isa = XCBuildConfiguration;
			buildSettings = {
				BUNDLE_LOADER = "$(TEST_HOST)";
				INFOPLIST_FILE = "Happy HabitsTests/Info.plist";
				LD_RUNPATH_SEARCH_PATHS = "$(inherited) @executable_path/Frameworks @loader_path/Frameworks";
				PRODUCT_BUNDLE_IDENTIFIER = "com.MaggyHillen.Happy-HabitsTests";
				PRODUCT_NAME = "$(TARGET_NAME)";
				TEST_HOST = "$(BUILT_PRODUCTS_DIR)/Happy Habits.app/Happy Habits";
			};
			name = Debug;
		};
		967173231BFBC1CF000DCC9E /* Release */ = {
			isa = XCBuildConfiguration;
			buildSettings = {
				BUNDLE_LOADER = "$(TEST_HOST)";
				INFOPLIST_FILE = "Happy HabitsTests/Info.plist";
				LD_RUNPATH_SEARCH_PATHS = "$(inherited) @executable_path/Frameworks @loader_path/Frameworks";
				PRODUCT_BUNDLE_IDENTIFIER = "com.MaggyHillen.Happy-HabitsTests";
				PRODUCT_NAME = "$(TARGET_NAME)";
				TEST_HOST = "$(BUILT_PRODUCTS_DIR)/Happy Habits.app/Happy Habits";
			};
			name = Release;
		};
		967173251BFBC1CF000DCC9E /* Debug */ = {
			isa = XCBuildConfiguration;
			buildSettings = {
				INFOPLIST_FILE = "Happy HabitsUITests/Info.plist";
				LD_RUNPATH_SEARCH_PATHS = "$(inherited) @executable_path/Frameworks @loader_path/Frameworks";
				PRODUCT_BUNDLE_IDENTIFIER = "com.MaggyHillen.Happy-HabitsUITests";
				PRODUCT_NAME = "$(TARGET_NAME)";
				TEST_TARGET_NAME = "Happy Habits";
				USES_XCTRUNNER = YES;
			};
			name = Debug;
		};
		967173261BFBC1CF000DCC9E /* Release */ = {
			isa = XCBuildConfiguration;
			buildSettings = {
				INFOPLIST_FILE = "Happy HabitsUITests/Info.plist";
				LD_RUNPATH_SEARCH_PATHS = "$(inherited) @executable_path/Frameworks @loader_path/Frameworks";
				PRODUCT_BUNDLE_IDENTIFIER = "com.MaggyHillen.Happy-HabitsUITests";
				PRODUCT_NAME = "$(TARGET_NAME)";
				TEST_TARGET_NAME = "Happy Habits";
				USES_XCTRUNNER = YES;
			};
			name = Release;
		};
/* End XCBuildConfiguration section */

/* Begin XCConfigurationList section */
		967172F11BFBC1CF000DCC9E /* Build configuration list for PBXProject "Happy Habits" */ = {
			isa = XCConfigurationList;
			buildConfigurations = (
				9671731C1BFBC1CF000DCC9E /* Debug */,
				9671731D1BFBC1CF000DCC9E /* Release */,
			);
			defaultConfigurationIsVisible = 0;
			defaultConfigurationName = Release;
		};
		9671731E1BFBC1CF000DCC9E /* Build configuration list for PBXNativeTarget "Happy Habits" */ = {
			isa = XCConfigurationList;
			buildConfigurations = (
				9671731F1BFBC1CF000DCC9E /* Debug */,
				967173201BFBC1CF000DCC9E /* Release */,
			);
			defaultConfigurationIsVisible = 0;
			defaultConfigurationName = Release;
		};
		967173211BFBC1CF000DCC9E /* Build configuration list for PBXNativeTarget "Happy HabitsTests" */ = {
			isa = XCConfigurationList;
			buildConfigurations = (
				967173221BFBC1CF000DCC9E /* Debug */,
				967173231BFBC1CF000DCC9E /* Release */,
			);
			defaultConfigurationIsVisible = 0;
			defaultConfigurationName = Release;
		};
		967173241BFBC1CF000DCC9E /* Build configuration list for PBXNativeTarget "Happy HabitsUITests" */ = {
			isa = XCConfigurationList;
			buildConfigurations = (
				967173251BFBC1CF000DCC9E /* Debug */,
				967173261BFBC1CF000DCC9E /* Release */,
			);
			defaultConfigurationIsVisible = 0;
			defaultConfigurationName = Release;
		};
/* End XCConfigurationList section */
	};
	rootObject = 967172EE1BFBC1CF000DCC9E /* Project object */;
}
